// !$*UTF8*$!
{
	archiveVersion = 1;
	classes = {
	};
	objectVersion = 77;
	objects = {

/* Begin PBXContainerItemProxy section */
		6053A5102D6F766F0078E8A0 /* PBXContainerItemProxy */ = {
			isa = PBXContainerItemProxy;
			containerPortal = 6053A4EE2D6F766E0078E8A0 /* Project object */;
			proxyType = 1;
			remoteGlobalIDString = 6053A4F52D6F766E0078E8A0;
			remoteInfo = URLManager;
		};
		6053A51A2D6F766F0078E8A0 /* PBXContainerItemProxy */ = {
			isa = PBXContainerItemProxy;
			containerPortal = 6053A4EE2D6F766E0078E8A0 /* Project object */;
			proxyType = 1;
			remoteGlobalIDString = 6053A4F52D6F766E0078E8A0;
			remoteInfo = URLManager;
		};
/* End PBXContainerItemProxy section */

/* Begin PBXFileReference section */
		6053A4F62D6F766E0078E8A0 /* URLManager.app */ = {isa = PBXFileReference; explicitFileType = wrapper.application; includeInIndex = 0; path = URLManager.app; sourceTree = BUILT_PRODUCTS_DIR; };
		6053A50F2D6F766F0078E8A0 /* URLManagerTests.xctest */ = {isa = PBXFileReference; explicitFileType = wrapper.cfbundle; includeInIndex = 0; path = URLManagerTests.xctest; sourceTree = BUILT_PRODUCTS_DIR; };
		6053A5192D6F766F0078E8A0 /* URLManagerUITests.xctest */ = {isa = PBXFileReference; explicitFileType = wrapper.cfbundle; includeInIndex = 0; path = URLManagerUITests.xctest; sourceTree = BUILT_PRODUCTS_DIR; };
/* End PBXFileReference section */

/* Begin PBXFileSystemSynchronizedBuildFileExceptionSet section */
		6053A5212D6F766F0078E8A0 /* Exceptions for "URLManager" folder in "URLManager" target */ = {
			isa = PBXFileSystemSynchronizedBuildFileExceptionSet;
			membershipExceptions = (
				Info.plist,
			);
			target = 6053A4F52D6F766E0078E8A0 /* URLManager */;
		};
/* End PBXFileSystemSynchronizedBuildFileExceptionSet section */

/* Begin PBXFileSystemSynchronizedRootGroup section */
		6053A4F82D6F766E0078E8A0 /* URLManager */ = {
			isa = PBXFileSystemSynchronizedRootGroup;
			exceptions = (
				6053A5212D6F766F0078E8A0 /* Exceptions for "URLManager" folder in "URLManager" target */,
			);
			path = URLManager;
			sourceTree = "<group>";
		};
		6053A5122D6F766F0078E8A0 /* URLManagerTests */ = {
			isa = PBXFileSystemSynchronizedRootGroup;
			path = URLManagerTests;
			sourceTree = "<group>";
		};
		6053A51C2D6F766F0078E8A0 /* URLManagerUITests */ = {
			isa = PBXFileSystemSynchronizedRootGroup;
			path = URLManagerUITests;
			sourceTree = "<group>";
		};
/* End PBXFileSystemSynchronizedRootGroup section */

/* Begin PBXFrameworksBuildPhase section */
		6053A4F32D6F766E0078E8A0 /* Frameworks */ = {
			isa = PBXFrameworksBuildPhase;
			buildActionMask = 2147483647;
			files = (
			);
			runOnlyForDeploymentPostprocessing = 0;
		};
		6053A50C2D6F766F0078E8A0 /* Frameworks */ = {
			isa = PBXFrameworksBuildPhase;
			buildActionMask = 2147483647;
			files = (
			);
			runOnlyForDeploymentPostprocessing = 0;
		};
		6053A5162D6F766F0078E8A0 /* Frameworks */ = {
			isa = PBXFrameworksBuildPhase;
			buildActionMask = 2147483647;
			files = (
			);
			runOnlyForDeploymentPostprocessing = 0;
		};
/* End PBXFrameworksBuildPhase section */

/* Begin PBXGroup section */
		6053A4ED2D6F766E0078E8A0 = {
			isa = PBXGroup;
			children = (
				6053A4F82D6F766E0078E8A0 /* URLManager */,
				6053A5122D6F766F0078E8A0 /* URLManagerTests */,
				6053A51C2D6F766F0078E8A0 /* URLManagerUITests */,
				6053A4F72D6F766E0078E8A0 /* Products */,
			);
			sourceTree = "<group>";
		};
		6053A4F72D6F766E0078E8A0 /* Products */ = {
			isa = PBXGroup;
			children = (
				6053A4F62D6F766E0078E8A0 /* URLManager.app */,
				6053A50F2D6F766F0078E8A0 /* URLManagerTests.xctest */,
				6053A5192D6F766F0078E8A0 /* URLManagerUITests.xctest */,
			);
			name = Products;
			sourceTree = "<group>";
		};
/* End PBXGroup section */

/* Begin PBXNativeTarget section */
		6053A4F52D6F766E0078E8A0 /* URLManager */ = {
			isa = PBXNativeTarget;
			buildConfigurationList = 6053A5222D6F766F0078E8A0 /* Build configuration list for PBXNativeTarget "URLManager" */;
			buildPhases = (
				6053A4F22D6F766E0078E8A0 /* Sources */,
				6053A4F32D6F766E0078E8A0 /* Frameworks */,
				6053A4F42D6F766E0078E8A0 /* Resources */,
			);
			buildRules = (
			);
			dependencies = (
			);
			fileSystemSynchronizedGroups = (
				6053A4F82D6F766E0078E8A0 /* URLManager */,
			);
			name = URLManager;
			packageProductDependencies = (
			);
			productName = URLManager;
			productReference = 6053A4F62D6F766E0078E8A0 /* URLManager.app */;
			productType = "com.apple.product-type.application";
		};
		6053A50E2D6F766F0078E8A0 /* URLManagerTests */ = {
			isa = PBXNativeTarget;
			buildConfigurationList = 6053A5272D6F766F0078E8A0 /* Build configuration list for PBXNativeTarget "URLManagerTests" */;
			buildPhases = (
				6053A50B2D6F766F0078E8A0 /* Sources */,
				6053A50C2D6F766F0078E8A0 /* Frameworks */,
				6053A50D2D6F766F0078E8A0 /* Resources */,
			);
			buildRules = (
			);
			dependencies = (
				6053A5112D6F766F0078E8A0 /* PBXTargetDependency */,
			);
			fileSystemSynchronizedGroups = (
				6053A5122D6F766F0078E8A0 /* URLManagerTests */,
			);
			name = URLManagerTests;
			packageProductDependencies = (
			);
			productName = URLManagerTests;
			productReference = 6053A50F2D6F766F0078E8A0 /* URLManagerTests.xctest */;
			productType = "com.apple.product-type.bundle.unit-test";
		};
		6053A5182D6F766F0078E8A0 /* URLManagerUITests */ = {
			isa = PBXNativeTarget;
			buildConfigurationList = 6053A52A2D6F766F0078E8A0 /* Build configuration list for PBXNativeTarget "URLManagerUITests" */;
			buildPhases = (
				6053A5152D6F766F0078E8A0 /* Sources */,
				6053A5162D6F766F0078E8A0 /* Frameworks */,
				6053A5172D6F766F0078E8A0 /* Resources */,
			);
			buildRules = (
			);
			dependencies = (
				6053A51B2D6F766F0078E8A0 /* PBXTargetDependency */,
			);
			fileSystemSynchronizedGroups = (
				6053A51C2D6F766F0078E8A0 /* URLManagerUITests */,
			);
			name = URLManagerUITests;
			packageProductDependencies = (
			);
			productName = URLManagerUITests;
			productReference = 6053A5192D6F766F0078E8A0 /* URLManagerUITests.xctest */;
			productType = "com.apple.product-type.bundle.ui-testing";
		};
/* End PBXNativeTarget section */

/* Begin PBXProject section */
		6053A4EE2D6F766E0078E8A0 /* Project object */ = {
			isa = PBXProject;
			attributes = {
				BuildIndependentTargetsInParallel = 1;
				LastSwiftUpdateCheck = 1600;
				LastUpgradeCheck = 1600;
				TargetAttributes = {
					6053A4F52D6F766E0078E8A0 = {
						CreatedOnToolsVersion = 16.0;
					};
					6053A50E2D6F766F0078E8A0 = {
						CreatedOnToolsVersion = 16.0;
						TestTargetID = 6053A4F52D6F766E0078E8A0;
					};
					6053A5182D6F766F0078E8A0 = {
						CreatedOnToolsVersion = 16.0;
						TestTargetID = 6053A4F52D6F766E0078E8A0;
					};
				};
			};
			buildConfigurationList = 6053A4F12D6F766E0078E8A0 /* Build configuration list for PBXProject "URLManager" */;
			developmentRegion = en;
			hasScannedForEncodings = 0;
			knownRegions = (
				en,
				Base,
			);
			mainGroup = 6053A4ED2D6F766E0078E8A0;
			minimizedProjectReferenceProxies = 1;
			preferredProjectObjectVersion = 77;
			productRefGroup = 6053A4F72D6F766E0078E8A0 /* Products */;
			projectDirPath = "";
			projectRoot = "";
			targets = (
				6053A4F52D6F766E0078E8A0 /* URLManager */,
				6053A50E2D6F766F0078E8A0 /* URLManagerTests */,
				6053A5182D6F766F0078E8A0 /* URLManagerUITests */,
			);
		};
/* End PBXProject section */

/* Begin PBXResourcesBuildPhase section */
		6053A4F42D6F766E0078E8A0 /* Resources */ = {
			isa = PBXResourcesBuildPhase;
			buildActionMask = 2147483647;
			files = (
			);
			runOnlyForDeploymentPostprocessing = 0;
		};
		6053A50D2D6F766F0078E8A0 /* Resources */ = {
			isa = PBXResourcesBuildPhase;
			buildActionMask = 2147483647;
			files = (
			);
			runOnlyForDeploymentPostprocessing = 0;
		};
		6053A5172D6F766F0078E8A0 /* Resources */ = {
			isa = PBXResourcesBuildPhase;
			buildActionMask = 2147483647;
			files = (
			);
			runOnlyForDeploymentPostprocessing = 0;
		};
/* End PBXResourcesBuildPhase section */

/* Begin PBXSourcesBuildPhase section */
		6053A4F22D6F766E0078E8A0 /* Sources */ = {
			isa = PBXSourcesBuildPhase;
			buildActionMask = 2147483647;
			files = (
			);
			runOnlyForDeploymentPostprocessing = 0;
		};
		6053A50B2D6F766F0078E8A0 /* Sources */ = {
			isa = PBXSourcesBuildPhase;
			buildActionMask = 2147483647;
			files = (
			);
			runOnlyForDeploymentPostprocessing = 0;
		};
		6053A5152D6F766F0078E8A0 /* Sources */ = {
			isa = PBXSourcesBuildPhase;
			buildActionMask = 2147483647;
			files = (
			);
			runOnlyForDeploymentPostprocessing = 0;
		};
/* End PBXSourcesBuildPhase section */

/* Begin PBXTargetDependency section */
		6053A5112D6F766F0078E8A0 /* PBXTargetDependency */ = {
			isa = PBXTargetDependency;
			target = 6053A4F52D6F766E0078E8A0 /* URLManager */;
			targetProxy = 6053A5102D6F766F0078E8A0 /* PBXContainerItemProxy */;
		};
		6053A51B2D6F766F0078E8A0 /* PBXTargetDependency */ = {
			isa = PBXTargetDependency;
			target = 6053A4F52D6F766E0078E8A0 /* URLManager */;
			targetProxy = 6053A51A2D6F766F0078E8A0 /* PBXContainerItemProxy */;
		};
/* End PBXTargetDependency section */

/* Begin XCBuildConfiguration section */
		6053A5232D6F766F0078E8A0 /* Debug */ = {
			isa = XCBuildConfiguration;
			buildSettings = {
				ASSETCATALOG_COMPILER_APPICON_NAME = AppIcon;
				ASSETCATALOG_COMPILER_GLOBAL_ACCENT_COLOR_NAME = AccentColor;
				CODE_SIGN_STYLE = Automatic;
				CURRENT_PROJECT_VERSION = 1;
				GENERATE_INFOPLIST_FILE = YES;
				INFOPLIST_FILE = URLManager/Info.plist;
				INFOPLIST_KEY_UIApplicationSupportsIndirectInputEvents = YES;
				INFOPLIST_KEY_UILaunchStoryboardName = LaunchScreen;
				INFOPLIST_KEY_UIMainStoryboardFile = Main;
				INFOPLIST_KEY_UISupportedInterfaceOrientations_iPad = "UIInterfaceOrientationPortrait UIInterfaceOrientationPortraitUpsideDown UIInterfaceOrientationLandscapeLeft UIInterfaceOrientationLandscapeRight";
				INFOPLIST_KEY_UISupportedInterfaceOrientations_iPhone = "UIInterfaceOrientationPortrait UIInterfaceOrientationLandscapeLeft UIInterfaceOrientationLandscapeRight";
				LD_RUNPATH_SEARCH_PATHS = (
					"$(inherited)",
					"@executable_path/Frameworks",
				);
				MARKETING_VERSION = 1.0;
				PRODUCT_BUNDLE_IDENTIFIER = hopefullygeorge.URLManager;
				PRODUCT_NAME = "$(TARGET_NAME)";
				SWIFT_EMIT_LOC_STRINGS = YES;
				SWIFT_VERSION = 5.0;
				TARGETED_DEVICE_FAMILY = "1,2";
			};
			name = Debug;
		};
		6053A5242D6F766F0078E8A0 /* Release */ = {
			isa = XCBuildConfiguration;
			buildSettings = {
				ASSETCATALOG_COMPILER_APPICON_NAME = AppIcon;
				ASSETCATALOG_COMPILER_GLOBAL_ACCENT_COLOR_NAME = AccentColor;
				CODE_SIGN_STYLE = Automatic;
				CURRENT_PROJECT_VERSION = 1;
				GENERATE_INFOPLIST_FILE = YES;
				INFOPLIST_FILE = URLManager/Info.plist;
				INFOPLIST_KEY_UIApplicationSupportsIndirectInputEvents = YES;
				INFOPLIST_KEY_UILaunchStoryboardName = LaunchScreen;
				INFOPLIST_KEY_UIMainStoryboardFile = Main;
				INFOPLIST_KEY_UISupportedInterfaceOrientations_iPad = "UIInterfaceOrientationPortrait UIInterfaceOrientationPortraitUpsideDown UIInterfaceOrientationLandscapeLeft UIInterfaceOrientationLandscapeRight";
				INFOPLIST_KEY_UISupportedInterfaceOrientations_iPhone = "UIInterfaceOrientationPortrait UIInterfaceOrientationLandscapeLeft UIInterfaceOrientationLandscapeRight";
				LD_RUNPATH_SEARCH_PATHS = (
					"$(inherited)",
					"@executable_path/Frameworks",
				);
				MARKETING_VERSION = 1.0;
				PRODUCT_BUNDLE_IDENTIFIER = hopefullygeorge.URLManager;
				PRODUCT_NAME = "$(TARGET_NAME)";
				SWIFT_EMIT_LOC_STRINGS = YES;
				SWIFT_VERSION = 5.0;
				TARGETED_DEVICE_FAMILY = "1,2";
			};
			name = Release;
		};
		6053A5252D6F766F0078E8A0 /* Debug */ = {
			isa = XCBuildConfiguration;
			buildSettings = {
				ALWAYS_SEARCH_USER_PATHS = NO;
				ASSETCATALOG_COMPILER_GENERATE_SWIFT_ASSET_SYMBOL_EXTENSIONS = YES;
				CLANG_ANALYZER_NONNULL = YES;
				CLANG_ANALYZER_NUMBER_OBJECT_CONVERSION = YES_AGGRESSIVE;
				CLANG_CXX_LANGUAGE_STANDARD = "gnu++20";
				CLANG_ENABLE_MODULES = YES;
				CLANG_ENABLE_OBJC_ARC = YES;
				CLANG_ENABLE_OBJC_WEAK = YES;
				CLANG_WARN_BLOCK_CAPTURE_AUTORELEASING = YES;
				CLANG_WARN_BOOL_CONVERSION = YES;
				CLANG_WARN_COMMA = YES;
				CLANG_WARN_CONSTANT_CONVERSION = YES;
				CLANG_WARN_DEPRECATED_OBJC_IMPLEMENTATIONS = YES;
				CLANG_WARN_DIRECT_OBJC_ISA_USAGE = YES_ERROR;
				CLANG_WARN_DOCUMENTATION_COMMENTS = YES;
				CLANG_WARN_EMPTY_BODY = YES;
				CLANG_WARN_ENUM_CONVERSION = YES;
				CLANG_WARN_INFINITE_RECURSION = YES;
				CLANG_WARN_INT_CONVERSION = YES;
				CLANG_WARN_NON_LITERAL_NULL_CONVERSION = YES;
				CLANG_WARN_OBJC_IMPLICIT_RETAIN_SELF = YES;
				CLANG_WARN_OBJC_LITERAL_CONVERSION = YES;
				CLANG_WARN_OBJC_ROOT_CLASS = YES_ERROR;
				CLANG_WARN_QUOTED_INCLUDE_IN_FRAMEWORK_HEADER = YES;
				CLANG_WARN_RANGE_LOOP_ANALYSIS = YES;
				CLANG_WARN_STRICT_PROTOTYPES = YES;
				CLANG_WARN_SUSPICIOUS_MOVE = YES;
				CLANG_WARN_UNGUARDED_AVAILABILITY = YES_AGGRESSIVE;
				CLANG_WARN_UNREACHABLE_CODE = YES;
				CLANG_WARN__DUPLICATE_METHOD_MATCH = YES;
				COPY_PHASE_STRIP = NO;
				DEBUG_INFORMATION_FORMAT = dwarf;
				ENABLE_STRICT_OBJC_MSGSEND = YES;
				ENABLE_TESTABILITY = YES;
				ENABLE_USER_SCRIPT_SANDBOXING = YES;
				GCC_C_LANGUAGE_STANDARD = gnu17;
				GCC_DYNAMIC_NO_PIC = NO;
				GCC_NO_COMMON_BLOCKS = YES;
				GCC_OPTIMIZATION_LEVEL = 0;
				GCC_PREPROCESSOR_DEFINITIONS = (
					"DEBUG=1",
					"$(inherited)",
				);
				GCC_WARN_64_TO_32_BIT_CONVERSION = YES;
				GCC_WARN_ABOUT_RETURN_TYPE = YES_ERROR;
				GCC_WARN_UNDECLARED_SELECTOR = YES;
				GCC_WARN_UNINITIALIZED_AUTOS = YES_AGGRESSIVE;
				GCC_WARN_UNUSED_FUNCTION = YES;
				GCC_WARN_UNUSED_VARIABLE = YES;
				IPHONEOS_DEPLOYMENT_TARGET = 18.0;
				LOCALIZATION_PREFERS_STRING_CATALOGS = YES;
				MTL_ENABLE_DEBUG_INFO = INCLUDE_SOURCE;
				MTL_FAST_MATH = YES;
				ONLY_ACTIVE_ARCH = YES;
				SDKROOT = iphoneos;
				SWIFT_ACTIVE_COMPILATION_CONDITIONS = "DEBUG $(inherited)";
				SWIFT_OPTIMIZATION_LEVEL = "-Onone";
			};
			name = Debug;
		};
		6053A5262D6F766F0078E8A0 /* Release */ = {
			isa = XCBuildConfiguration;
			buildSettings = {
				ALWAYS_SEARCH_USER_PATHS = NO;
				ASSETCATALOG_COMPILER_GENERATE_SWIFT_ASSET_SYMBOL_EXTENSIONS = YES;
				CLANG_ANALYZER_NONNULL = YES;
				CLANG_ANALYZER_NUMBER_OBJECT_CONVERSION = YES_AGGRESSIVE;
				CLANG_CXX_LANGUAGE_STANDARD = "gnu++20";
				CLANG_ENABLE_MODULES = YES;
				CLANG_ENABLE_OBJC_ARC = YES;
				CLANG_ENABLE_OBJC_WEAK = YES;
				CLANG_WARN_BLOCK_CAPTURE_AUTORELEASING = YES;
				CLANG_WARN_BOOL_CONVERSION = YES;
				CLANG_WARN_COMMA = YES;
				CLANG_WARN_CONSTANT_CONVERSION = YES;
				CLANG_WARN_DEPRECATED_OBJC_IMPLEMENTATIONS = YES;
				CLANG_WARN_DIRECT_OBJC_ISA_USAGE = YES_ERROR;
				CLANG_WARN_DOCUMENTATION_COMMENTS = YES;
				CLANG_WARN_EMPTY_BODY = YES;
				CLANG_WARN_ENUM_CONVERSION = YES;
				CLANG_WARN_INFINITE_RECURSION = YES;
				CLANG_WARN_INT_CONVERSION = YES;
				CLANG_WARN_NON_LITERAL_NULL_CONVERSION = YES;
				CLANG_WARN_OBJC_IMPLICIT_RETAIN_SELF = YES;
				CLANG_WARN_OBJC_LITERAL_CONVERSION = YES;
				CLANG_WARN_OBJC_ROOT_CLASS = YES_ERROR;
				CLANG_WARN_QUOTED_INCLUDE_IN_FRAMEWORK_HEADER = YES;
				CLANG_WARN_RANGE_LOOP_ANALYSIS = YES;
				CLANG_WARN_STRICT_PROTOTYPES = YES;
				CLANG_WARN_SUSPICIOUS_MOVE = YES;
				CLANG_WARN_UNGUARDED_AVAILABILITY = YES_AGGRESSIVE;
				CLANG_WARN_UNREACHABLE_CODE = YES;
				CLANG_WARN__DUPLICATE_METHOD_MATCH = YES;
				COPY_PHASE_STRIP = NO;
				DEBUG_INFORMATION_FORMAT = "dwarf-with-dsym";
				ENABLE_NS_ASSERTIONS = NO;
				ENABLE_STRICT_OBJC_MSGSEND = YES;
				ENABLE_USER_SCRIPT_SANDBOXING = YES;
				GCC_C_LANGUAGE_STANDARD = gnu17;
				GCC_NO_COMMON_BLOCKS = YES;
				GCC_WARN_64_TO_32_BIT_CONVERSION = YES;
				GCC_WARN_ABOUT_RETURN_TYPE = YES_ERROR;
				GCC_WARN_UNDECLARED_SELECTOR = YES;
				GCC_WARN_UNINITIALIZED_AUTOS = YES_AGGRESSIVE;
				GCC_WARN_UNUSED_FUNCTION = YES;
				GCC_WARN_UNUSED_VARIABLE = YES;
				IPHONEOS_DEPLOYMENT_TARGET = 18.0;
				LOCALIZATION_PREFERS_STRING_CATALOGS = YES;
				MTL_ENABLE_DEBUG_INFO = NO;
				MTL_FAST_MATH = YES;
				SDKROOT = iphoneos;
				SWIFT_COMPILATION_MODE = wholemodule;
				VALIDATE_PRODUCT = YES;
			};
			name = Release;
		};
		6053A5282D6F766F0078E8A0 /* Debug */ = {
			isa = XCBuildConfiguration;
			buildSettings = {
				BUNDLE_LOADER = "$(TEST_HOST)";
				CODE_SIGN_STYLE = Automatic;
				CURRENT_PROJECT_VERSION = 1;
				GENERATE_INFOPLIST_FILE = YES;
				IPHONEOS_DEPLOYMENT_TARGET = 18.0;
				MARKETING_VERSION = 1.0;
				PRODUCT_BUNDLE_IDENTIFIER = hopefullygeorge.URLManagerTests;
				PRODUCT_NAME = "$(TARGET_NAME)";
				SWIFT_EMIT_LOC_STRINGS = NO;
				SWIFT_VERSION = 5.0;
				TARGETED_DEVICE_FAMILY = "1,2";
				TEST_HOST = "$(BUILT_PRODUCTS_DIR)/URLManager.app/$(BUNDLE_EXECUTABLE_FOLDER_PATH)/URLManager";
			};
			name = Debug;
		};
		6053A5292D6F766F0078E8A0 /* Release */ = {
			isa = XCBuildConfiguration;
			buildSettings = {
				BUNDLE_LOADER = "$(TEST_HOST)";
				CODE_SIGN_STYLE = Automatic;
				CURRENT_PROJECT_VERSION = 1;
				GENERATE_INFOPLIST_FILE = YES;
				IPHONEOS_DEPLOYMENT_TARGET = 18.0;
				MARKETING_VERSION = 1.0;
				PRODUCT_BUNDLE_IDENTIFIER = hopefullygeorge.URLManagerTests;
				PRODUCT_NAME = "$(TARGET_NAME)";
				SWIFT_EMIT_LOC_STRINGS = NO;
				SWIFT_VERSION = 5.0;
				TARGETED_DEVICE_FAMILY = "1,2";
				TEST_HOST = "$(BUILT_PRODUCTS_DIR)/URLManager.app/$(BUNDLE_EXECUTABLE_FOLDER_PATH)/URLManager";
			};
			name = Release;
		};
		6053A52B2D6F766F0078E8A0 /* Debug */ = {
			isa = XCBuildConfiguration;
			buildSettings = {
				CODE_SIGN_STYLE = Automatic;
				CURRENT_PROJECT_VERSION = 1;
				GENERATE_INFOPLIST_FILE = YES;
				MARKETING_VERSION = 1.0;
				PRODUCT_BUNDLE_IDENTIFIER = hopefullygeorge.URLManagerUITests;
				PRODUCT_NAME = "$(TARGET_NAME)";
				SWIFT_EMIT_LOC_STRINGS = NO;
				SWIFT_VERSION = 5.0;
				TARGETED_DEVICE_FAMILY = "1,2";
				TEST_TARGET_NAME = URLManager;
			};
			name = Debug;
		};
		6053A52C2D6F766F0078E8A0 /* Release */ = {
			isa = XCBuildConfiguration;
			buildSettings = {
				CODE_SIGN_STYLE = Automatic;
				CURRENT_PROJECT_VERSION = 1;
				GENERATE_INFOPLIST_FILE = YES;
				MARKETING_VERSION = 1.0;
				PRODUCT_BUNDLE_IDENTIFIER = hopefullygeorge.URLManagerUITests;
				PRODUCT_NAME = "$(TARGET_NAME)";
				SWIFT_EMIT_LOC_STRINGS = NO;
				SWIFT_VERSION = 5.0;
				TARGETED_DEVICE_FAMILY = "1,2";
				TEST_TARGET_NAME = URLManager;
			};
			name = Release;
		};
/* End XCBuildConfiguration section */

/* Begin XCConfigurationList section */
		6053A4F12D6F766E0078E8A0 /* Build configuration list for PBXProject "URLManager" */ = {
			isa = XCConfigurationList;
			buildConfigurations = (
				6053A5252D6F766F0078E8A0 /* Debug */,
				6053A5262D6F766F0078E8A0 /* Release */,
			);
			defaultConfigurationIsVisible = 0;
			defaultConfigurationName = Release;
		};
		6053A5222D6F766F0078E8A0 /* Build configuration list for PBXNativeTarget "URLManager" */ = {
			isa = XCConfigurationList;
			buildConfigurations = (
				6053A5232D6F766F0078E8A0 /* Debug */,
				6053A5242D6F766F0078E8A0 /* Release */,
			);
			defaultConfigurationIsVisible = 0;
			defaultConfigurationName = Release;
		};
		6053A5272D6F766F0078E8A0 /* Build configuration list for PBXNativeTarget "URLManagerTests" */ = {
			isa = XCConfigurationList;
			buildConfigurations = (
				6053A5282D6F766F0078E8A0 /* Debug */,
				6053A5292D6F766F0078E8A0 /* Release */,
			);
			defaultConfigurationIsVisible = 0;
			defaultConfigurationName = Release;
		};
		6053A52A2D6F766F0078E8A0 /* Build configuration list for PBXNativeTarget "URLManagerUITests" */ = {
			isa = XCConfigurationList;
			buildConfigurations = (
				6053A52B2D6F766F0078E8A0 /* Debug */,
				6053A52C2D6F766F0078E8A0 /* Release */,
			);
			defaultConfigurationIsVisible = 0;
			defaultConfigurationName = Release;
		};
/* End XCConfigurationList section */
	};
	rootObject = 6053A4EE2D6F766E0078E8A0 /* Project object */;
}
